
Microsoft Visual Studio Solution File, Format Version 12.00
# Visual Studio Version 17
VisualStudioVersion = 17.3.32929.385
MinimumVisualStudioVersion = 10.0.40219.1
Project("{888888A0-9F3D-457C-B088-3A5042F75D52}") = "crawler-comment", "crawler-comment\crawler-comment.pyproj", "{BB458C29-CEAE-4EC7-9CD6-B99CCECF037B}"
EndProject
Global
	GlobalSection(SolutionConfigurationPlatforms) = preSolution
		Debug|Any CPU = Debug|Any CPU
		Release|Any CPU = Release|Any CPU
	EndGlobalSection
	GlobalSection(ProjectConfigurationPlatforms) = postSolution
		{BB458C29-CEAE-4EC7-9CD6-B99CCECF037B}.Debug|Any CPU.ActiveCfg = Debug|Any CPU
		{BB458C29-CEAE-4EC7-9CD6-B99CCECF037B}.Release|Any CPU.ActiveCfg = Release|Any CPU
	EndGlobalSection
	GlobalSection(SolutionProperties) = preSolution
		HideSolutionNode = FALSE
	EndGlobalSection
	GlobalSection(ExtensibilityGlobals) = postSolution
		SolutionGuid = {EBDBFDB2-5B16-4E72-912F-468F1EF1C644}
	EndGlobalSection
EndGlobal
